// !$*UTF8*$!
{
	archiveVersion = 1;
	classes = {
	};
	objectVersion = 77;
	objects = {

/* Begin PBXBuildFile section */
		E5DAACD22DEA3EAF006249A1 /* FirebaseAuth in Frameworks */ = {isa = PBXBuildFile; productRef = E5DAACD12DEA3EAF006249A1 /* FirebaseAuth */; };
		E5DAACD42DEA3EAF006249A1 /* FirebaseAuthCombine-Community in Frameworks */ = {isa = PBXBuildFile; productRef = E5DAACD32DEA3EAF006249A1 /* FirebaseAuthCombine-Community */; };
		E5DAACD62DEA3EAF006249A1 /* FirebaseFirestore in Frameworks */ = {isa = PBXBuildFile; productRef = E5DAACD52DEA3EAF006249A1 /* FirebaseFirestore */; };
		E5DAACD82DEA3EAF006249A1 /* FirebaseFirestoreCombine-Community in Frameworks */ = {isa = PBXBuildFile; productRef = E5DAACD72DEA3EAF006249A1 /* FirebaseFirestoreCombine-Community */; };
		E5DAACDA2DEA3EAF006249A1 /* FirebaseStorage in Frameworks */ = {isa = PBXBuildFile; productRef = E5DAACD92DEA3EAF006249A1 /* FirebaseStorage */; };
		E5DAACDC2DEA3EAF006249A1 /* FirebaseStorageCombine-Community in Frameworks */ = {isa = PBXBuildFile; productRef = E5DAACDB2DEA3EAF006249A1 /* FirebaseStorageCombine-Community */; };
/* End PBXBuildFile section */

/* Begin PBXContainerItemProxy section */
		E5DAACA82DEA38AD006249A1 /* PBXContainerItemProxy */ = {
			isa = PBXContainerItemProxy;
			containerPortal = E5DAAC922DEA38AC006249A1 /* Project object */;
			proxyType = 1;
			remoteGlobalIDString = E5DAAC992DEA38AC006249A1;
			remoteInfo = LoginView;
		};
		E5DAACB22DEA38AD006249A1 /* PBXContainerItemProxy */ = {
			isa = PBXContainerItemProxy;
			containerPortal = E5DAAC922DEA38AC006249A1 /* Project object */;
			proxyType = 1;
			remoteGlobalIDString = E5DAAC992DEA38AC006249A1;
			remoteInfo = LoginView;
		};
/* End PBXContainerItemProxy section */

/* Begin PBXFileReference section */
		E5DAAC9A2DEA38AC006249A1 /* LoginView.app */ = {isa = PBXFileReference; explicitFileType = wrapper.application; includeInIndex = 0; path = LoginView.app; sourceTree = BUILT_PRODUCTS_DIR; };
		E5DAACA72DEA38AD006249A1 /* LoginViewTests.xctest */ = {isa = PBXFileReference; explicitFileType = wrapper.cfbundle; includeInIndex = 0; path = LoginViewTests.xctest; sourceTree = BUILT_PRODUCTS_DIR; };
		E5DAACB12DEA38AD006249A1 /* LoginViewUITests.xctest */ = {isa = PBXFileReference; explicitFileType = wrapper.cfbundle; includeInIndex = 0; path = LoginViewUITests.xctest; sourceTree = BUILT_PRODUCTS_DIR; };
/* End PBXFileReference section */

/* Begin PBXFileSystemSynchronizedBuildFileExceptionSet section */
		E5E0D6852DEA51D8008DBAA2 /* Exceptions for "LoginView" folder in "LoginViewTests" target */ = {
			isa = PBXFileSystemSynchronizedBuildFileExceptionSet;
			membershipExceptions = (
				Constants.swift,
				ContentView.swift,
				Data/DataSources/ConversationDTO.swift,
				Data/DataSources/FirestoreAuthDataSource.swift,
				Data/DataSources/FirestoreConversationDataSource.swift,
				Data/DataSources/FirestoreMessageDataSource.swift,
				Data/DataSources/FirestoreUserDataSource.swift,
				Data/DataSources/MessageDTO.swift,
				Data/Repositories/AuthRepositoryProtocol.swift,
				Data/Repositories/ConversationRepositoryProtocol.swift,
				Data/Repositories/FirestoreAuthRepository.swift,
				Data/Repositories/FirestoreConversationRepository.swift,
				Data/Repositories/FirestoreMessageRepository.swift,
				Data/Repositories/FirestoreUserRepository.swift,
				Data/Repositories/MessageRepositoryProtocol.swift,
				Data/Repositories/UserRepositoryProtocol.swift,
				Domain/UseCases/FetchConversationsUseCase.swift,
				Domain/UseCases/FetchMessagesUseCase.swift,
				Domain/UseCases/LoginUseCase.swift,
				Domain/UseCases/SendMessageUseCase.swift,
				Domain/UseCases/UpdateProfileUseCase.swift,
				FirebaseConfig.swift,
				"GoogleService-Info.plist",
				LoginViewApp.swift,
				Presentation/ViewModels/AuthManager.swift,
				Presentation/ViewModels/ConversationsViewModel.swift,
				Presentation/ViewModels/LoginViewModel.swift,
				Presentation/ViewModels/MessagesViewModel.swift,
				Presentation/ViewModels/ProfileViewModel.swift,
				Presentation/Views/ContentView.swift,
				Presentation/Views/ConversationDetailView.swift,
				Presentation/Views/ConversationsListView.swift,
				Presentation/Views/LoginView.swift,
				Presentation/Views/ProfileView.swift,
			);
			target = E5DAACA62DEA38AD006249A1 /* LoginViewTests */;
		};
		E5E0D6862DEA51D8008DBAA2 /* Exceptions for "LoginView" folder in "LoginViewUITests" target */ = {
			isa = PBXFileSystemSynchronizedBuildFileExceptionSet;
			membershipExceptions = (
				Constants.swift,
				ContentView.swift,
				Data/DataSources/ConversationDTO.swift,
				Data/DataSources/FirestoreAuthDataSource.swift,
				Data/DataSources/FirestoreConversationDataSource.swift,
				Data/DataSources/FirestoreMessageDataSource.swift,
				Data/DataSources/FirestoreUserDataSource.swift,
				Data/DataSources/MessageDTO.swift,
				Data/Repositories/AuthRepositoryProtocol.swift,
				Data/Repositories/ConversationRepositoryProtocol.swift,
				Data/Repositories/FirestoreAuthRepository.swift,
				Data/Repositories/FirestoreConversationRepository.swift,
				Data/Repositories/FirestoreMessageRepository.swift,
				Data/Repositories/FirestoreUserRepository.swift,
				Data/Repositories/MessageRepositoryProtocol.swift,
				Data/Repositories/UserRepositoryProtocol.swift,
				Domain/UseCases/FetchConversationsUseCase.swift,
				Domain/UseCases/FetchMessagesUseCase.swift,
				Domain/UseCases/LoginUseCase.swift,
				Domain/UseCases/SendMessageUseCase.swift,
				Domain/UseCases/UpdateProfileUseCase.swift,
				FirebaseConfig.swift,
				"GoogleService-Info.plist",
				LoginViewApp.swift,
				Presentation/ViewModels/AuthManager.swift,
				Presentation/ViewModels/ConversationsViewModel.swift,
				Presentation/ViewModels/LoginViewModel.swift,
				Presentation/ViewModels/MessagesViewModel.swift,
				Presentation/ViewModels/ProfileViewModel.swift,
				Presentation/Views/ContentView.swift,
				Presentation/Views/ConversationDetailView.swift,
				Presentation/Views/ConversationsListView.swift,
				Presentation/Views/LoginView.swift,
				Presentation/Views/ProfileView.swift,
			);
			target = E5DAACB02DEA38AD006249A1 /* LoginViewUITests */;
		};
/* End PBXFileSystemSynchronizedBuildFileExceptionSet section */

/* Begin PBXFileSystemSynchronizedRootGroup section */
		E5DAAC9C2DEA38AC006249A1 /* LoginView */ = {
			isa = PBXFileSystemSynchronizedRootGroup;
			exceptions = (
				E5E0D6852DEA51D8008DBAA2 /* Exceptions for "LoginView" folder in "LoginViewTests" target */,
				E5E0D6862DEA51D8008DBAA2 /* Exceptions for "LoginView" folder in "LoginViewUITests" target */,
			);
			path = LoginView;
			sourceTree = "<group>";
		};
		E5DAACAA2DEA38AD006249A1 /* LoginViewTests */ = {
			isa = PBXFileSystemSynchronizedRootGroup;
			path = LoginViewTests;
			sourceTree = "<group>";
		};
		E5DAACB42DEA38AD006249A1 /* LoginViewUITests */ = {
			isa = PBXFileSystemSynchronizedRootGroup;
			path = LoginViewUITests;
			sourceTree = "<group>";
		};
/* End PBXFileSystemSynchronizedRootGroup section */

/* Begin PBXFrameworksBuildPhase section */
		E5DAAC972DEA38AC006249A1 /* Frameworks */ = {
			isa = PBXFrameworksBuildPhase;
			buildActionMask = 2147483647;
			files = (
				E5DAACD22DEA3EAF006249A1 /* FirebaseAuth in Frameworks */,
				E5DAACD82DEA3EAF006249A1 /* FirebaseFirestoreCombine-Community in Frameworks */,
				E5DAACD42DEA3EAF006249A1 /* FirebaseAuthCombine-Community in Frameworks */,
				E5DAACDA2DEA3EAF006249A1 /* FirebaseStorage in Frameworks */,
				E5DAACDC2DEA3EAF006249A1 /* FirebaseStorageCombine-Community in Frameworks */,
				E5DAACD62DEA3EAF006249A1 /* FirebaseFirestore in Frameworks */,
			);
			runOnlyForDeploymentPostprocessing = 0;
		};
		E5DAACA42DEA38AD006249A1 /* Frameworks */ = {
			isa = PBXFrameworksBuildPhase;
			buildActionMask = 2147483647;
			files = (
			);
			runOnlyForDeploymentPostprocessing = 0;
		};
		E5DAACAE2DEA38AD006249A1 /* Frameworks */ = {
			isa = PBXFrameworksBuildPhase;
			buildActionMask = 2147483647;
			files = (
			);
			runOnlyForDeploymentPostprocessing = 0;
		};
/* End PBXFrameworksBuildPhase section */

/* Begin PBXGroup section */
		E5DAAC912DEA38AC006249A1 = {
			isa = PBXGroup;
			children = (
				E5DAAC9C2DEA38AC006249A1 /* LoginView */,
				E5DAACAA2DEA38AD006249A1 /* LoginViewTests */,
				E5DAACB42DEA38AD006249A1 /* LoginViewUITests */,
				E5DAAC9B2DEA38AC006249A1 /* Products */,
			);
			sourceTree = "<group>";
		};
		E5DAAC9B2DEA38AC006249A1 /* Products */ = {
			isa = PBXGroup;
			children = (
				E5DAAC9A2DEA38AC006249A1 /* LoginView.app */,
				E5DAACA72DEA38AD006249A1 /* LoginViewTests.xctest */,
				E5DAACB12DEA38AD006249A1 /* LoginViewUITests.xctest */,
			);
			name = Products;
			sourceTree = "<group>";
		};
/* End PBXGroup section */

/* Begin PBXNativeTarget section */
		E5DAAC992DEA38AC006249A1 /* LoginView */ = {
			isa = PBXNativeTarget;
			buildConfigurationList = E5DAACBB2DEA38AD006249A1 /* Build configuration list for PBXNativeTarget "LoginView" */;
			buildPhases = (
				E5DAAC962DEA38AC006249A1 /* Sources */,
				E5DAAC972DEA38AC006249A1 /* Frameworks */,
				E5DAAC982DEA38AC006249A1 /* Resources */,
			);
			buildRules = (
			);
			dependencies = (
			);
			fileSystemSynchronizedGroups = (
				E5DAAC9C2DEA38AC006249A1 /* LoginView */,
			);
			name = LoginView;
			packageProductDependencies = (
				E5DAACD12DEA3EAF006249A1 /* FirebaseAuth */,
				E5DAACD32DEA3EAF006249A1 /* FirebaseAuthCombine-Community */,
				E5DAACD52DEA3EAF006249A1 /* FirebaseFirestore */,
				E5DAACD72DEA3EAF006249A1 /* FirebaseFirestoreCombine-Community */,
				E5DAACD92DEA3EAF006249A1 /* FirebaseStorage */,
				E5DAACDB2DEA3EAF006249A1 /* FirebaseStorageCombine-Community */,
			);
			productName = LoginView;
			productReference = E5DAAC9A2DEA38AC006249A1 /* LoginView.app */;
			productType = "com.apple.product-type.application";
		};
		E5DAACA62DEA38AD006249A1 /* LoginViewTests */ = {
			isa = PBXNativeTarget;
			buildConfigurationList = E5DAACBE2DEA38AD006249A1 /* Build configuration list for PBXNativeTarget "LoginViewTests" */;
			buildPhases = (
				E5DAACA32DEA38AD006249A1 /* Sources */,
				E5DAACA42DEA38AD006249A1 /* Frameworks */,
				E5DAACA52DEA38AD006249A1 /* Resources */,
			);
			buildRules = (
			);
			dependencies = (
				E5DAACA92DEA38AD006249A1 /* PBXTargetDependency */,
			);
			fileSystemSynchronizedGroups = (
				E5DAACAA2DEA38AD006249A1 /* LoginViewTests */,
			);
			name = LoginViewTests;
			packageProductDependencies = (
			);
			productName = LoginViewTests;
			productReference = E5DAACA72DEA38AD006249A1 /* LoginViewTests.xctest */;
			productType = "com.apple.product-type.bundle.unit-test";
		};
		E5DAACB02DEA38AD006249A1 /* LoginViewUITests */ = {
			isa = PBXNativeTarget;
			buildConfigurationList = E5DAACC12DEA38AD006249A1 /* Build configuration list for PBXNativeTarget "LoginViewUITests" */;
			buildPhases = (
				E5DAACAD2DEA38AD006249A1 /* Sources */,
				E5DAACAE2DEA38AD006249A1 /* Frameworks */,
				E5DAACAF2DEA38AD006249A1 /* Resources */,
			);
			buildRules = (
			);
			dependencies = (
				E5DAACB32DEA38AD006249A1 /* PBXTargetDependency */,
			);
			fileSystemSynchronizedGroups = (
				E5DAACB42DEA38AD006249A1 /* LoginViewUITests */,
			);
			name = LoginViewUITests;
			packageProductDependencies = (
			);
			productName = LoginViewUITests;
			productReference = E5DAACB12DEA38AD006249A1 /* LoginViewUITests.xctest */;
			productType = "com.apple.product-type.bundle.ui-testing";
		};
/* End PBXNativeTarget section */

/* Begin PBXProject section */
		E5DAAC922DEA38AC006249A1 /* Project object */ = {
			isa = PBXProject;
			attributes = {
				BuildIndependentTargetsInParallel = 1;
				LastSwiftUpdateCheck = 1630;
				LastUpgradeCheck = 1630;
				TargetAttributes = {
					E5DAAC992DEA38AC006249A1 = {
						CreatedOnToolsVersion = 16.3;
					};
					E5DAACA62DEA38AD006249A1 = {
						CreatedOnToolsVersion = 16.3;
						TestTargetID = E5DAAC992DEA38AC006249A1;
					};
					E5DAACB02DEA38AD006249A1 = {
						CreatedOnToolsVersion = 16.3;
						TestTargetID = E5DAAC992DEA38AC006249A1;
					};
				};
			};
			buildConfigurationList = E5DAAC952DEA38AC006249A1 /* Build configuration list for PBXProject "LoginView" */;
			developmentRegion = en;
			hasScannedForEncodings = 0;
			knownRegions = (
				en,
				Base,
			);
			mainGroup = E5DAAC912DEA38AC006249A1;
			minimizedProjectReferenceProxies = 1;
			packageReferences = (
				E5DAACD02DEA3EAF006249A1 /* XCRemoteSwiftPackageReference "firebase-ios-sdk" */,
			);
			preferredProjectObjectVersion = 77;
			productRefGroup = E5DAAC9B2DEA38AC006249A1 /* Products */;
			projectDirPath = "";
			projectRoot = "";
			targets = (
				E5DAAC992DEA38AC006249A1 /* LoginView */,
				E5DAACA62DEA38AD006249A1 /* LoginViewTests */,
				E5DAACB02DEA38AD006249A1 /* LoginViewUITests */,
			);
		};
/* End PBXProject section */

/* Begin PBXResourcesBuildPhase section */
		E5DAAC982DEA38AC006249A1 /* Resources */ = {
			isa = PBXResourcesBuildPhase;
			buildActionMask = 2147483647;
			files = (
			);
			runOnlyForDeploymentPostprocessing = 0;
		};
		E5DAACA52DEA38AD006249A1 /* Resources */ = {
			isa = PBXResourcesBuildPhase;
			buildActionMask = 2147483647;
			files = (
			);
			runOnlyForDeploymentPostprocessing = 0;
		};
		E5DAACAF2DEA38AD006249A1 /* Resources */ = {
			isa = PBXResourcesBuildPhase;
			buildActionMask = 2147483647;
			files = (
			);
			runOnlyForDeploymentPostprocessing = 0;
		};
/* End PBXResourcesBuildPhase section */

/* Begin PBXSourcesBuildPhase section */
		E5DAAC962DEA38AC006249A1 /* Sources */ = {
			isa = PBXSourcesBuildPhase;
			buildActionMask = 2147483647;
			files = (
			);
			runOnlyForDeploymentPostprocessing = 0;
		};
		E5DAACA32DEA38AD006249A1 /* Sources */ = {
			isa = PBXSourcesBuildPhase;
			buildActionMask = 2147483647;
			files = (
			);
			runOnlyForDeploymentPostprocessing = 0;
		};
		E5DAACAD2DEA38AD006249A1 /* Sources */ = {
			isa = PBXSourcesBuildPhase;
			buildActionMask = 2147483647;
			files = (
			);
			runOnlyForDeploymentPostprocessing = 0;
		};
/* End PBXSourcesBuildPhase section */

/* Begin PBXTargetDependency section */
		E5DAACA92DEA38AD006249A1 /* PBXTargetDependency */ = {
			isa = PBXTargetDependency;
			target = E5DAAC992DEA38AC006249A1 /* LoginView */;
			targetProxy = E5DAACA82DEA38AD006249A1 /* PBXContainerItemProxy */;
		};
		E5DAACB32DEA38AD006249A1 /* PBXTargetDependency */ = {
			isa = PBXTargetDependency;
			target = E5DAAC992DEA38AC006249A1 /* LoginView */;
			targetProxy = E5DAACB22DEA38AD006249A1 /* PBXContainerItemProxy */;
		};
/* End PBXTargetDependency section */

/* Begin XCBuildConfiguration section */
		E5DAACB92DEA38AD006249A1 /* Debug */ = {
			isa = XCBuildConfiguration;
			buildSettings = {
				ALWAYS_SEARCH_USER_PATHS = NO;
				ASSETCATALOG_COMPILER_GENERATE_SWIFT_ASSET_SYMBOL_EXTENSIONS = YES;
				CLANG_ANALYZER_NONNULL = YES;
				CLANG_ANALYZER_NUMBER_OBJECT_CONVERSION = YES_AGGRESSIVE;
				CLANG_CXX_LANGUAGE_STANDARD = "gnu++20";
				CLANG_ENABLE_MODULES = YES;
				CLANG_ENABLE_OBJC_ARC = YES;
				CLANG_ENABLE_OBJC_WEAK = YES;
				CLANG_WARN_BLOCK_CAPTURE_AUTORELEASING = YES;
				CLANG_WARN_BOOL_CONVERSION = YES;
				CLANG_WARN_COMMA = YES;
				CLANG_WARN_CONSTANT_CONVERSION = YES;
				CLANG_WARN_DEPRECATED_OBJC_IMPLEMENTATIONS = YES;
				CLANG_WARN_DIRECT_OBJC_ISA_USAGE = YES_ERROR;
				CLANG_WARN_DOCUMENTATION_COMMENTS = YES;
				CLANG_WARN_EMPTY_BODY = YES;
				CLANG_WARN_ENUM_CONVERSION = YES;
				CLANG_WARN_INFINITE_RECURSION = YES;
				CLANG_WARN_INT_CONVERSION = YES;
				CLANG_WARN_NON_LITERAL_NULL_CONVERSION = YES;
				CLANG_WARN_OBJC_IMPLICIT_RETAIN_SELF = YES;
				CLANG_WARN_OBJC_LITERAL_CONVERSION = YES;
				CLANG_WARN_OBJC_ROOT_CLASS = YES_ERROR;
				CLANG_WARN_QUOTED_INCLUDE_IN_FRAMEWORK_HEADER = YES;
				CLANG_WARN_RANGE_LOOP_ANALYSIS = YES;
				CLANG_WARN_STRICT_PROTOTYPES = YES;
				CLANG_WARN_SUSPICIOUS_MOVE = YES;
				CLANG_WARN_UNGUARDED_AVAILABILITY = YES_AGGRESSIVE;
				CLANG_WARN_UNREACHABLE_CODE = YES;
				CLANG_WARN__DUPLICATE_METHOD_MATCH = YES;
				COPY_PHASE_STRIP = NO;
				DEBUG_INFORMATION_FORMAT = dwarf;
				DEVELOPMENT_TEAM = UX779734F5;
				ENABLE_STRICT_OBJC_MSGSEND = YES;
				ENABLE_TESTABILITY = YES;
				ENABLE_USER_SCRIPT_SANDBOXING = YES;
				GCC_C_LANGUAGE_STANDARD = gnu17;
				GCC_DYNAMIC_NO_PIC = NO;
				GCC_NO_COMMON_BLOCKS = YES;
				GCC_OPTIMIZATION_LEVEL = 0;
				GCC_PREPROCESSOR_DEFINITIONS = (
					"DEBUG=1",
					"$(inherited)",
				);
				GCC_WARN_64_TO_32_BIT_CONVERSION = YES;
				GCC_WARN_ABOUT_RETURN_TYPE = YES_ERROR;
				GCC_WARN_UNDECLARED_SELECTOR = YES;
				GCC_WARN_UNINITIALIZED_AUTOS = YES_AGGRESSIVE;
				GCC_WARN_UNUSED_FUNCTION = YES;
				GCC_WARN_UNUSED_VARIABLE = YES;
				IPHONEOS_DEPLOYMENT_TARGET = 18.4;
				LOCALIZATION_PREFERS_STRING_CATALOGS = YES;
				MTL_ENABLE_DEBUG_INFO = INCLUDE_SOURCE;
				MTL_FAST_MATH = YES;
				ONLY_ACTIVE_ARCH = YES;
				SDKROOT = iphoneos;
				SWIFT_ACTIVE_COMPILATION_CONDITIONS = "DEBUG $(inherited)";
				SWIFT_OPTIMIZATION_LEVEL = "-Onone";
			};
			name = Debug;
		};
		E5DAACBA2DEA38AD006249A1 /* Release */ = {
			isa = XCBuildConfiguration;
			buildSettings = {
				ALWAYS_SEARCH_USER_PATHS = NO;
				ASSETCATALOG_COMPILER_GENERATE_SWIFT_ASSET_SYMBOL_EXTENSIONS = YES;
				CLANG_ANALYZER_NONNULL = YES;
				CLANG_ANALYZER_NUMBER_OBJECT_CONVERSION = YES_AGGRESSIVE;
				CLANG_CXX_LANGUAGE_STANDARD = "gnu++20";
				CLANG_ENABLE_MODULES = YES;
				CLANG_ENABLE_OBJC_ARC = YES;
				CLANG_ENABLE_OBJC_WEAK = YES;
				CLANG_WARN_BLOCK_CAPTURE_AUTORELEASING = YES;
				CLANG_WARN_BOOL_CONVERSION = YES;
				CLANG_WARN_COMMA = YES;
				CLANG_WARN_CONSTANT_CONVERSION = YES;
				CLANG_WARN_DEPRECATED_OBJC_IMPLEMENTATIONS = YES;
				CLANG_WARN_DIRECT_OBJC_ISA_USAGE = YES_ERROR;
				CLANG_WARN_DOCUMENTATION_COMMENTS = YES;
				CLANG_WARN_EMPTY_BODY = YES;
				CLANG_WARN_ENUM_CONVERSION = YES;
				CLANG_WARN_INFINITE_RECURSION = YES;
				CLANG_WARN_INT_CONVERSION = YES;
				CLANG_WARN_NON_LITERAL_NULL_CONVERSION = YES;
				CLANG_WARN_OBJC_IMPLICIT_RETAIN_SELF = YES;
				CLANG_WARN_OBJC_LITERAL_CONVERSION = YES;
				CLANG_WARN_OBJC_ROOT_CLASS = YES_ERROR;
				CLANG_WARN_QUOTED_INCLUDE_IN_FRAMEWORK_HEADER = YES;
				CLANG_WARN_RANGE_LOOP_ANALYSIS = YES;
				CLANG_WARN_STRICT_PROTOTYPES = YES;
				CLANG_WARN_SUSPICIOUS_MOVE = YES;
				CLANG_WARN_UNGUARDED_AVAILABILITY = YES_AGGRESSIVE;
				CLANG_WARN_UNREACHABLE_CODE = YES;
				CLANG_WARN__DUPLICATE_METHOD_MATCH = YES;
				COPY_PHASE_STRIP = NO;
				DEBUG_INFORMATION_FORMAT = "dwarf-with-dsym";
				DEVELOPMENT_TEAM = UX779734F5;
				ENABLE_NS_ASSERTIONS = NO;
				ENABLE_STRICT_OBJC_MSGSEND = YES;
				ENABLE_USER_SCRIPT_SANDBOXING = YES;
				GCC_C_LANGUAGE_STANDARD = gnu17;
				GCC_NO_COMMON_BLOCKS = YES;
				GCC_WARN_64_TO_32_BIT_CONVERSION = YES;
				GCC_WARN_ABOUT_RETURN_TYPE = YES_ERROR;
				GCC_WARN_UNDECLARED_SELECTOR = YES;
				GCC_WARN_UNINITIALIZED_AUTOS = YES_AGGRESSIVE;
				GCC_WARN_UNUSED_FUNCTION = YES;
				GCC_WARN_UNUSED_VARIABLE = YES;
				IPHONEOS_DEPLOYMENT_TARGET = 18.4;
				LOCALIZATION_PREFERS_STRING_CATALOGS = YES;
				MTL_ENABLE_DEBUG_INFO = NO;
				MTL_FAST_MATH = YES;
				SDKROOT = iphoneos;
				SWIFT_COMPILATION_MODE = wholemodule;
				VALIDATE_PRODUCT = YES;
			};
			name = Release;
		};
		E5DAACBC2DEA38AD006249A1 /* Debug */ = {
			isa = XCBuildConfiguration;
			buildSettings = {
				ASSETCATALOG_COMPILER_APPICON_NAME = AppIcon;
				ASSETCATALOG_COMPILER_GLOBAL_ACCENT_COLOR_NAME = AccentColor;
				CODE_SIGN_STYLE = Automatic;
				CURRENT_PROJECT_VERSION = 1;
				DEVELOPMENT_TEAM = UX779734F5;
				ENABLE_PREVIEWS = YES;
				GENERATE_INFOPLIST_FILE = YES;
				INFOPLIST_KEY_UIApplicationSceneManifest_Generation = YES;
				INFOPLIST_KEY_UIApplicationSupportsIndirectInputEvents = YES;
				INFOPLIST_KEY_UILaunchScreen_Generation = YES;
				INFOPLIST_KEY_UISupportedInterfaceOrientations_iPad = "UIInterfaceOrientationPortrait UIInterfaceOrientationPortraitUpsideDown UIInterfaceOrientationLandscapeLeft UIInterfaceOrientationLandscapeRight";
				INFOPLIST_KEY_UISupportedInterfaceOrientations_iPhone = "UIInterfaceOrientationPortrait UIInterfaceOrientationLandscapeLeft UIInterfaceOrientationLandscapeRight";
				IPHONEOS_DEPLOYMENT_TARGET = 13.0;
				LD_RUNPATH_SEARCH_PATHS = (
					"$(inherited)",
					"@executable_path/Frameworks",
				);
				MARKETING_VERSION = 1.0;
				PRODUCT_BUNDLE_IDENTIFIER = com.jesus.LoginView;
				PRODUCT_NAME = "$(TARGET_NAME)";
				SWIFT_EMIT_LOC_STRINGS = YES;
				SWIFT_VERSION = 5.0;
				TARGETED_DEVICE_FAMILY = "1,2";
			};
			name = Debug;
		};
		E5DAACBD2DEA38AD006249A1 /* Release */ = {
			isa = XCBuildConfiguration;
			buildSettings = {
				ASSETCATALOG_COMPILER_APPICON_NAME = AppIcon;
				ASSETCATALOG_COMPILER_GLOBAL_ACCENT_COLOR_NAME = AccentColor;
				CODE_SIGN_STYLE = Automatic;
				CURRENT_PROJECT_VERSION = 1;
				DEVELOPMENT_TEAM = UX779734F5;
				ENABLE_PREVIEWS = YES;
				GENERATE_INFOPLIST_FILE = YES;
				INFOPLIST_KEY_UIApplicationSceneManifest_Generation = YES;
				INFOPLIST_KEY_UIApplicationSupportsIndirectInputEvents = YES;
				INFOPLIST_KEY_UILaunchScreen_Generation = YES;
				INFOPLIST_KEY_UISupportedInterfaceOrientations_iPad = "UIInterfaceOrientationPortrait UIInterfaceOrientationPortraitUpsideDown UIInterfaceOrientationLandscapeLeft UIInterfaceOrientationLandscapeRight";
				INFOPLIST_KEY_UISupportedInterfaceOrientations_iPhone = "UIInterfaceOrientationPortrait UIInterfaceOrientationLandscapeLeft UIInterfaceOrientationLandscapeRight";
				IPHONEOS_DEPLOYMENT_TARGET = 13.0;
				LD_RUNPATH_SEARCH_PATHS = (
					"$(inherited)",
					"@executable_path/Frameworks",
				);
				MARKETING_VERSION = 1.0;
				PRODUCT_BUNDLE_IDENTIFIER = com.jesus.LoginView;
				PRODUCT_NAME = "$(TARGET_NAME)";
				SWIFT_EMIT_LOC_STRINGS = YES;
				SWIFT_VERSION = 5.0;
				TARGETED_DEVICE_FAMILY = "1,2";
			};
			name = Release;
		};
		E5DAACBF2DEA38AD006249A1 /* Debug */ = {
			isa = XCBuildConfiguration;
			buildSettings = {
				BUNDLE_LOADER = "$(TEST_HOST)";
				CODE_SIGN_STYLE = Automatic;
				CURRENT_PROJECT_VERSION = 1;
				DEVELOPMENT_TEAM = UX779734F5;
				GENERATE_INFOPLIST_FILE = YES;
				IPHONEOS_DEPLOYMENT_TARGET = 18.4;
				MARKETING_VERSION = 1.0;
				PRODUCT_BUNDLE_IDENTIFIER = NA.LoginViewTests;
				PRODUCT_NAME = "$(TARGET_NAME)";
				SWIFT_EMIT_LOC_STRINGS = NO;
				SWIFT_VERSION = 5.0;
				TARGETED_DEVICE_FAMILY = "1,2";
				TEST_HOST = "$(BUILT_PRODUCTS_DIR)/LoginView.app/$(BUNDLE_EXECUTABLE_FOLDER_PATH)/LoginView";
			};
			name = Debug;
		};
		E5DAACC02DEA38AD006249A1 /* Release */ = {
			isa = XCBuildConfiguration;
			buildSettings = {
				BUNDLE_LOADER = "$(TEST_HOST)";
				CODE_SIGN_STYLE = Automatic;
				CURRENT_PROJECT_VERSION = 1;
				DEVELOPMENT_TEAM = UX779734F5;
				GENERATE_INFOPLIST_FILE = YES;
				IPHONEOS_DEPLOYMENT_TARGET = 18.4;
				MARKETING_VERSION = 1.0;
				PRODUCT_BUNDLE_IDENTIFIER = NA.LoginViewTests;
				PRODUCT_NAME = "$(TARGET_NAME)";
				SWIFT_EMIT_LOC_STRINGS = NO;
				SWIFT_VERSION = 5.0;
				TARGETED_DEVICE_FAMILY = "1,2";
				TEST_HOST = "$(BUILT_PRODUCTS_DIR)/LoginView.app/$(BUNDLE_EXECUTABLE_FOLDER_PATH)/LoginView";
			};
			name = Release;
		};
		E5DAACC22DEA38AD006249A1 /* Debug */ = {
			isa = XCBuildConfiguration;
			buildSettings = {
				CODE_SIGN_STYLE = Automatic;
				CURRENT_PROJECT_VERSION = 1;
				DEVELOPMENT_TEAM = UX779734F5;
				GENERATE_INFOPLIST_FILE = YES;
				MARKETING_VERSION = 1.0;
				PRODUCT_BUNDLE_IDENTIFIER = NA.LoginViewUITests;
				PRODUCT_NAME = "$(TARGET_NAME)";
				SWIFT_EMIT_LOC_STRINGS = NO;
				SWIFT_VERSION = 5.0;
				TARGETED_DEVICE_FAMILY = "1,2";
				TEST_TARGET_NAME = LoginView;
			};
			name = Debug;
		};
		E5DAACC32DEA38AD006249A1 /* Release */ = {
			isa = XCBuildConfiguration;
			buildSettings = {
				CODE_SIGN_STYLE = Automatic;
				CURRENT_PROJECT_VERSION = 1;
				DEVELOPMENT_TEAM = UX779734F5;
				GENERATE_INFOPLIST_FILE = YES;
				MARKETING_VERSION = 1.0;
				PRODUCT_BUNDLE_IDENTIFIER = NA.LoginViewUITests;
				PRODUCT_NAME = "$(TARGET_NAME)";
				SWIFT_EMIT_LOC_STRINGS = NO;
				SWIFT_VERSION = 5.0;
				TARGETED_DEVICE_FAMILY = "1,2";
				TEST_TARGET_NAME = LoginView;
			};
			name = Release;
		};
/* End XCBuildConfiguration section */

/* Begin XCConfigurationList section */
		E5DAAC952DEA38AC006249A1 /* Build configuration list for PBXProject "LoginView" */ = {
			isa = XCConfigurationList;
			buildConfigurations = (
				E5DAACB92DEA38AD006249A1 /* Debug */,
				E5DAACBA2DEA38AD006249A1 /* Release */,
			);
			defaultConfigurationIsVisible = 0;
			defaultConfigurationName = Release;
		};
		E5DAACBB2DEA38AD006249A1 /* Build configuration list for PBXNativeTarget "LoginView" */ = {
			isa = XCConfigurationList;
			buildConfigurations = (
				E5DAACBC2DEA38AD006249A1 /* Debug */,
				E5DAACBD2DEA38AD006249A1 /* Release */,
			);
			defaultConfigurationIsVisible = 0;
			defaultConfigurationName = Release;
		};
		E5DAACBE2DEA38AD006249A1 /* Build configuration list for PBXNativeTarget "LoginViewTests" */ = {
			isa = XCConfigurationList;
			buildConfigurations = (
				E5DAACBF2DEA38AD006249A1 /* Debug */,
				E5DAACC02DEA38AD006249A1 /* Release */,
			);
			defaultConfigurationIsVisible = 0;
			defaultConfigurationName = Release;
		};
		E5DAACC12DEA38AD006249A1 /* Build configuration list for PBXNativeTarget "LoginViewUITests" */ = {
			isa = XCConfigurationList;
			buildConfigurations = (
				E5DAACC22DEA38AD006249A1 /* Debug */,
				E5DAACC32DEA38AD006249A1 /* Release */,
			);
			defaultConfigurationIsVisible = 0;
			defaultConfigurationName = Release;
		};
/* End XCConfigurationList section */

/* Begin XCRemoteSwiftPackageReference section */
		E5DAACD02DEA3EAF006249A1 /* XCRemoteSwiftPackageReference "firebase-ios-sdk" */ = {
			isa = XCRemoteSwiftPackageReference;
			repositoryURL = "https://github.com/firebase/firebase-ios-sdk.git";
			requirement = {
				kind = upToNextMajorVersion;
				minimumVersion = 11.13.0;
			};
		};
/* End XCRemoteSwiftPackageReference section */

/* Begin XCSwiftPackageProductDependency section */
		E5DAACD12DEA3EAF006249A1 /* FirebaseAuth */ = {
			isa = XCSwiftPackageProductDependency;
			package = E5DAACD02DEA3EAF006249A1 /* XCRemoteSwiftPackageReference "firebase-ios-sdk" */;
			productName = FirebaseAuth;
		};
		E5DAACD32DEA3EAF006249A1 /* FirebaseAuthCombine-Community */ = {
			isa = XCSwiftPackageProductDependency;
			package = E5DAACD02DEA3EAF006249A1 /* XCRemoteSwiftPackageReference "firebase-ios-sdk" */;
			productName = "FirebaseAuthCombine-Community";
		};
		E5DAACD52DEA3EAF006249A1 /* FirebaseFirestore */ = {
			isa = XCSwiftPackageProductDependency;
			package = E5DAACD02DEA3EAF006249A1 /* XCRemoteSwiftPackageReference "firebase-ios-sdk" */;
			productName = FirebaseFirestore;
		};
		E5DAACD72DEA3EAF006249A1 /* FirebaseFirestoreCombine-Community */ = {
			isa = XCSwiftPackageProductDependency;
			package = E5DAACD02DEA3EAF006249A1 /* XCRemoteSwiftPackageReference "firebase-ios-sdk" */;
			productName = "FirebaseFirestoreCombine-Community";
		};
		E5DAACD92DEA3EAF006249A1 /* FirebaseStorage */ = {
			isa = XCSwiftPackageProductDependency;
			package = E5DAACD02DEA3EAF006249A1 /* XCRemoteSwiftPackageReference "firebase-ios-sdk" */;
			productName = FirebaseStorage;
		};
		E5DAACDB2DEA3EAF006249A1 /* FirebaseStorageCombine-Community */ = {
			isa = XCSwiftPackageProductDependency;
			package = E5DAACD02DEA3EAF006249A1 /* XCRemoteSwiftPackageReference "firebase-ios-sdk" */;
			productName = "FirebaseStorageCombine-Community";
		};
/* End XCSwiftPackageProductDependency section */
	};
	rootObject = E5DAAC922DEA38AC006249A1 /* Project object */;
}
